
Microsoft Visual Studio Solution File, Format Version 12.00
# Visual Studio Version 16
VisualStudioVersion = 16.0.29215.179
MinimumVisualStudioVersion = 10.0.40219.1
Project("{9A19103F-16F7-4668-BE54-9A1E7A4F7556}") = "Domain", "Domain\Domain.csproj", "{BD4B24FD-5F89-41A2-8F41-0CF09307F996}"
EndProject
Project("{9A19103F-16F7-4668-BE54-9A1E7A4F7556}") = "UnitTests", "UnitTests\UnitTests.csproj", "{6D2B0FF3-3378-410A-960A-88B4D2A4C840}"
EndProject
Global
	GlobalSection(SolutionConfigurationPlatforms) = preSolution
		Debug|Any CPU = Debug|Any CPU
		Debug|x64 = Debug|x64
		Release|Any CPU = Release|Any CPU
		Release|x64 = Release|x64
	EndGlobalSection
	GlobalSection(ProjectConfigurationPlatforms) = postSolution
		{BD4B24FD-5F89-41A2-8F41-0CF09307F996}.Debug|Any CPU.ActiveCfg = Debug|Any CPU
		{BD4B24FD-5F89-41A2-8F41-0CF09307F996}.Debug|Any CPU.Build.0 = Debug|Any CPU
		{BD4B24FD-5F89-41A2-8F41-0CF09307F996}.Debug|x64.ActiveCfg = Debug|Any CPU
		{BD4B24FD-5F89-41A2-8F41-0CF09307F996}.Debug|x64.Build.0 = Debug|Any CPU
		{BD4B24FD-5F89-41A2-8F41-0CF09307F996}.Release|Any CPU.ActiveCfg = Release|Any CPU
		{BD4B24FD-5F89-41A2-8F41-0CF09307F996}.Release|Any CPU.Build.0 = Release|Any CPU
		{BD4B24FD-5F89-41A2-8F41-0CF09307F996}.Release|x64.ActiveCfg = Release|Any CPU
		{BD4B24FD-5F89-41A2-8F41-0CF09307F996}.Release|x64.Build.0 = Release|Any CPU
		{6D2B0FF3-3378-410A-960A-88B4D2A4C840}.Debug|Any CPU.ActiveCfg = Debug|Any CPU
		{6D2B0FF3-3378-410A-960A-88B4D2A4C840}.Debug|Any CPU.Build.0 = Debug|Any CPU
		{6D2B0FF3-3378-410A-960A-88B4D2A4C840}.Debug|x64.ActiveCfg = Debug|x64
		{6D2B0FF3-3378-410A-960A-88B4D2A4C840}.Debug|x64.Build.0 = Debug|x64
		{6D2B0FF3-3378-410A-960A-88B4D2A4C840}.Release|Any CPU.ActiveCfg = Release|Any CPU
		{6D2B0FF3-3378-410A-960A-88B4D2A4C840}.Release|Any CPU.Build.0 = Release|Any CPU
		{6D2B0FF3-3378-410A-960A-88B4D2A4C840}.Release|x64.ActiveCfg = Release|x64
		{6D2B0FF3-3378-410A-960A-88B4D2A4C840}.Release|x64.Build.0 = Release|x64
	EndGlobalSection
	GlobalSection(SolutionProperties) = preSolution
		HideSolutionNode = FALSE
	EndGlobalSection
	GlobalSection(ExtensibilityGlobals) = postSolution
		SolutionGuid = {7F985415-2F88-4656-830E-32874B7DBB34}
	EndGlobalSection
EndGlobal
